
Microsoft Visual Studio Solution File, Format Version 12.00
# Visual Studio Version 17
VisualStudioVersion = 17.6.33815.320
MinimumVisualStudioVersion = 10.0.40219.1
Project("{2150E333-8FDC-42A3-9474-1A3956D46DE8}") = "Hafta_1", "Hafta_1", "{9D3C06B9-08AD-4D88-83AF-CE9D4A1C66F5}"
EndProject
Project("{2150E333-8FDC-42A3-9474-1A3956D46DE8}") = "CourseContent", "CourseContent", "{BF38C3DB-2B1F-4E0E-B62E-6A3AA32011AA}"
EndProject
Project("{2150E333-8FDC-42A3-9474-1A3956D46DE8}") = "Assignment", "Assignment", "{9A13712A-5FD4-4B08-B624-0A88C6144AB7}"
EndProject
Project("{FAE04EC0-301F-11D3-BF4B-00C04F79EFBC}") = "PhoneBookApplication", "Hafta_1\Assignment\PhoneBookApplication\PhoneBookApplication.csproj", "{B68DA04A-001D-41E8-8220-53649567E434}"
EndProject
Project("{FAE04EC0-301F-11D3-BF4B-00C04F79EFBC}") = "AccessModifiers_Constructor", "Hafta_1\CourseContent\AccessModifiers_Constructor\AccessModifiers_Constructor.csproj", "{639706E3-EA56-4BFB-9176-9AF21BD8559C}"
EndProject
Project("{FAE04EC0-301F-11D3-BF4B-00C04F79EFBC}") = "Class_Instance_Field_Property", "Hafta_1\CourseContent\Class_Instance_Field_Property\Class_Instance_Field_Property.csproj", "{F7E06653-BC6D-42EC-A473-F8ABC2CB5AAF}"
EndProject
Project("{FAE04EC0-301F-11D3-BF4B-00C04F79EFBC}") = "EncapsulationProperty", "Hafta_1\CourseContent\EncapsulationProperty\EncapsulationProperty.csproj", "{76C08E33-35E7-43F0-B879-73206D3F95B1}"
EndProject
Project("{FAE04EC0-301F-11D3-BF4B-00C04F79EFBC}") = "OnlineClass", "Hafta_1\OnlineClass\OnlineClass.csproj", "{681AA91F-1C0C-437D-8BC8-81B796C91465}"
EndProject
Project("{FAE04EC0-301F-11D3-BF4B-00C04F79EFBC}") = "StaticClass_Members", "Hafta_1\CourseContent\StaticClass_Members\StaticClass_Members.csproj", "{B295763A-03CE-4D76-A735-1D991388537A}"
EndProject
Project("{FAE04EC0-301F-11D3-BF4B-00C04F79EFBC}") = "Struct", "Hafta_1\CourseContent\Struct\Struct.csproj", "{244C11D0-2CAC-43E1-864E-A698C6A09706}"
EndProject
Global
	GlobalSection(SolutionConfigurationPlatforms) = preSolution
		Debug|Any CPU = Debug|Any CPU
		Release|Any CPU = Release|Any CPU
	EndGlobalSection
	GlobalSection(ProjectConfigurationPlatforms) = postSolution
		{B68DA04A-001D-41E8-8220-53649567E434}.Debug|Any CPU.ActiveCfg = Debug|Any CPU
		{B68DA04A-001D-41E8-8220-53649567E434}.Debug|Any CPU.Build.0 = Debug|Any CPU
		{B68DA04A-001D-41E8-8220-53649567E434}.Release|Any CPU.ActiveCfg = Release|Any CPU
		{B68DA04A-001D-41E8-8220-53649567E434}.Release|Any CPU.Build.0 = Release|Any CPU
		{639706E3-EA56-4BFB-9176-9AF21BD8559C}.Debug|Any CPU.ActiveCfg = Debug|Any CPU
		{639706E3-EA56-4BFB-9176-9AF21BD8559C}.Debug|Any CPU.Build.0 = Debug|Any CPU
		{639706E3-EA56-4BFB-9176-9AF21BD8559C}.Release|Any CPU.ActiveCfg = Release|Any CPU
		{639706E3-EA56-4BFB-9176-9AF21BD8559C}.Release|Any CPU.Build.0 = Release|Any CPU
		{F7E06653-BC6D-42EC-A473-F8ABC2CB5AAF}.Debug|Any CPU.ActiveCfg = Debug|Any CPU
		{F7E06653-BC6D-42EC-A473-F8ABC2CB5AAF}.Debug|Any CPU.Build.0 = Debug|Any CPU
		{F7E06653-BC6D-42EC-A473-F8ABC2CB5AAF}.Release|Any CPU.ActiveCfg = Release|Any CPU
		{F7E06653-BC6D-42EC-A473-F8ABC2CB5AAF}.Release|Any CPU.Build.0 = Release|Any CPU
		{76C08E33-35E7-43F0-B879-73206D3F95B1}.Debug|Any CPU.ActiveCfg = Debug|Any CPU
		{76C08E33-35E7-43F0-B879-73206D3F95B1}.Debug|Any CPU.Build.0 = Debug|Any CPU
		{76C08E33-35E7-43F0-B879-73206D3F95B1}.Release|Any CPU.ActiveCfg = Release|Any CPU
		{76C08E33-35E7-43F0-B879-73206D3F95B1}.Release|Any CPU.Build.0 = Release|Any CPU
		{681AA91F-1C0C-437D-8BC8-81B796C91465}.Debug|Any CPU.ActiveCfg = Debug|Any CPU
		{681AA91F-1C0C-437D-8BC8-81B796C91465}.Debug|Any CPU.Build.0 = Debug|Any CPU
		{681AA91F-1C0C-437D-8BC8-81B796C91465}.Release|Any CPU.ActiveCfg = Release|Any CPU
		{681AA91F-1C0C-437D-8BC8-81B796C91465}.Release|Any CPU.Build.0 = Release|Any CPU
		{B295763A-03CE-4D76-A735-1D991388537A}.Debug|Any CPU.ActiveCfg = Debug|Any CPU
		{B295763A-03CE-4D76-A735-1D991388537A}.Debug|Any CPU.Build.0 = Debug|Any CPU
		{B295763A-03CE-4D76-A735-1D991388537A}.Release|Any CPU.ActiveCfg = Release|Any CPU
		{B295763A-03CE-4D76-A735-1D991388537A}.Release|Any CPU.Build.0 = Release|Any CPU
		{244C11D0-2CAC-43E1-864E-A698C6A09706}.Debug|Any CPU.ActiveCfg = Debug|Any CPU
		{244C11D0-2CAC-43E1-864E-A698C6A09706}.Debug|Any CPU.Build.0 = Debug|Any CPU
		{244C11D0-2CAC-43E1-864E-A698C6A09706}.Release|Any CPU.ActiveCfg = Release|Any CPU
		{244C11D0-2CAC-43E1-864E-A698C6A09706}.Release|Any CPU.Build.0 = Release|Any CPU
	EndGlobalSection
	GlobalSection(SolutionProperties) = preSolution
		HideSolutionNode = FALSE
	EndGlobalSection
	GlobalSection(NestedProjects) = preSolution
		{BF38C3DB-2B1F-4E0E-B62E-6A3AA32011AA} = {9D3C06B9-08AD-4D88-83AF-CE9D4A1C66F5}
		{9A13712A-5FD4-4B08-B624-0A88C6144AB7} = {9D3C06B9-08AD-4D88-83AF-CE9D4A1C66F5}
		{B68DA04A-001D-41E8-8220-53649567E434} = {9A13712A-5FD4-4B08-B624-0A88C6144AB7}
		{639706E3-EA56-4BFB-9176-9AF21BD8559C} = {BF38C3DB-2B1F-4E0E-B62E-6A3AA32011AA}
		{F7E06653-BC6D-42EC-A473-F8ABC2CB5AAF} = {BF38C3DB-2B1F-4E0E-B62E-6A3AA32011AA}
		{76C08E33-35E7-43F0-B879-73206D3F95B1} = {BF38C3DB-2B1F-4E0E-B62E-6A3AA32011AA}
		{681AA91F-1C0C-437D-8BC8-81B796C91465} = {9D3C06B9-08AD-4D88-83AF-CE9D4A1C66F5}
		{B295763A-03CE-4D76-A735-1D991388537A} = {BF38C3DB-2B1F-4E0E-B62E-6A3AA32011AA}
		{244C11D0-2CAC-43E1-864E-A698C6A09706} = {BF38C3DB-2B1F-4E0E-B62E-6A3AA32011AA}
	EndGlobalSection
	GlobalSection(ExtensibilityGlobals) = postSolution
		SolutionGuid = {49DC5941-847A-451B-965A-CAF8AA940ABB}
	EndGlobalSection
EndGlobal
